
Microsoft Visual Studio Solution File, Format Version 12.00
# Visual Studio Version 17
VisualStudioVersion = 17.9.34714.143
MinimumVisualStudioVersion = 10.0.40219.1
Project("{8BC9CEB8-8B4A-11D0-8D11-00A0C91BC942}") = "模拟堆（复习）", "模拟堆（复习）\模拟堆（复习）.vcxproj", "{6839B498-66AB-4A2F-90A5-F795D8B859CF}"
EndProject
Global
	GlobalSection(SolutionConfigurationPlatforms) = preSolution
		Debug|x64 = Debug|x64
		Debug|x86 = Debug|x86
		Release|x64 = Release|x64
		Release|x86 = Release|x86
	EndGlobalSection
	GlobalSection(ProjectConfigurationPlatforms) = postSolution
		{6839B498-66AB-4A2F-90A5-F795D8B859CF}.Debug|x64.ActiveCfg = Debug|x64
		{6839B498-66AB-4A2F-90A5-F795D8B859CF}.Debug|x64.Build.0 = Debug|x64
		{6839B498-66AB-4A2F-90A5-F795D8B859CF}.Debug|x86.ActiveCfg = Debug|Win32
		{6839B498-66AB-4A2F-90A5-F795D8B859CF}.Debug|x86.Build.0 = Debug|Win32
		{6839B498-66AB-4A2F-90A5-F795D8B859CF}.Release|x64.ActiveCfg = Release|x64
		{6839B498-66AB-4A2F-90A5-F795D8B859CF}.Release|x64.Build.0 = Release|x64
		{6839B498-66AB-4A2F-90A5-F795D8B859CF}.Release|x86.ActiveCfg = Release|Win32
		{6839B498-66AB-4A2F-90A5-F795D8B859CF}.Release|x86.Build.0 = Release|Win32
	EndGlobalSection
	GlobalSection(SolutionProperties) = preSolution
		HideSolutionNode = FALSE
	EndGlobalSection
	GlobalSection(ExtensibilityGlobals) = postSolution
		SolutionGuid = {4A9AA9F3-B3B8-48C0-9CEE-C452A0588772}
	EndGlobalSection
EndGlobal
