
Microsoft Visual Studio Solution File, Format Version 12.00
# Visual Studio Version 17
VisualStudioVersion = 17.9.34714.143
MinimumVisualStudioVersion = 10.0.40219.1
Project("{8BC9CEB8-8B4A-11D0-8D11-00A0C91BC942}") = "模拟散列表（拉链法【复习】）", "模拟散列表（拉链法【复习】）\模拟散列表（拉链法【复习】）.vcxproj", "{64ABD64D-CDCD-434B-A8F0-58CC11A0C6A1}"
EndProject
Global
	GlobalSection(SolutionConfigurationPlatforms) = preSolution
		Debug|x64 = Debug|x64
		Debug|x86 = Debug|x86
		Release|x64 = Release|x64
		Release|x86 = Release|x86
	EndGlobalSection
	GlobalSection(ProjectConfigurationPlatforms) = postSolution
		{64ABD64D-CDCD-434B-A8F0-58CC11A0C6A1}.Debug|x64.ActiveCfg = Debug|x64
		{64ABD64D-CDCD-434B-A8F0-58CC11A0C6A1}.Debug|x64.Build.0 = Debug|x64
		{64ABD64D-CDCD-434B-A8F0-58CC11A0C6A1}.Debug|x86.ActiveCfg = Debug|Win32
		{64ABD64D-CDCD-434B-A8F0-58CC11A0C6A1}.Debug|x86.Build.0 = Debug|Win32
		{64ABD64D-CDCD-434B-A8F0-58CC11A0C6A1}.Release|x64.ActiveCfg = Release|x64
		{64ABD64D-CDCD-434B-A8F0-58CC11A0C6A1}.Release|x64.Build.0 = Release|x64
		{64ABD64D-CDCD-434B-A8F0-58CC11A0C6A1}.Release|x86.ActiveCfg = Release|Win32
		{64ABD64D-CDCD-434B-A8F0-58CC11A0C6A1}.Release|x86.Build.0 = Release|Win32
	EndGlobalSection
	GlobalSection(SolutionProperties) = preSolution
		HideSolutionNode = FALSE
	EndGlobalSection
	GlobalSection(ExtensibilityGlobals) = postSolution
		SolutionGuid = {B64D381D-803F-4550-A76D-7DD00E039413}
	EndGlobalSection
EndGlobal
