
Microsoft Visual Studio Solution File, Format Version 12.00
# Visual Studio Version 17
VisualStudioVersion = 17.9.34714.143
MinimumVisualStudioVersion = 10.0.40219.1
Project("{8BC9CEB8-8B4A-11D0-8D11-00A0C91BC942}") = "合并集合", "合并集合\合并集合.vcxproj", "{7AD8DE37-2A3E-481F-BB7E-0344050D7DC2}"
EndProject
Global
	GlobalSection(SolutionConfigurationPlatforms) = preSolution
		Debug|x64 = Debug|x64
		Debug|x86 = Debug|x86
		Release|x64 = Release|x64
		Release|x86 = Release|x86
	EndGlobalSection
	GlobalSection(ProjectConfigurationPlatforms) = postSolution
		{7AD8DE37-2A3E-481F-BB7E-0344050D7DC2}.Debug|x64.ActiveCfg = Debug|x64
		{7AD8DE37-2A3E-481F-BB7E-0344050D7DC2}.Debug|x64.Build.0 = Debug|x64
		{7AD8DE37-2A3E-481F-BB7E-0344050D7DC2}.Debug|x86.ActiveCfg = Debug|Win32
		{7AD8DE37-2A3E-481F-BB7E-0344050D7DC2}.Debug|x86.Build.0 = Debug|Win32
		{7AD8DE37-2A3E-481F-BB7E-0344050D7DC2}.Release|x64.ActiveCfg = Release|x64
		{7AD8DE37-2A3E-481F-BB7E-0344050D7DC2}.Release|x64.Build.0 = Release|x64
		{7AD8DE37-2A3E-481F-BB7E-0344050D7DC2}.Release|x86.ActiveCfg = Release|Win32
		{7AD8DE37-2A3E-481F-BB7E-0344050D7DC2}.Release|x86.Build.0 = Release|Win32
	EndGlobalSection
	GlobalSection(SolutionProperties) = preSolution
		HideSolutionNode = FALSE
	EndGlobalSection
	GlobalSection(ExtensibilityGlobals) = postSolution
		SolutionGuid = {44B18AAA-2511-4CFB-9720-18B506A02D22}
	EndGlobalSection
EndGlobal
