
Microsoft Visual Studio Solution File, Format Version 12.00
# Visual Studio Version 17
VisualStudioVersion = 17.9.34902.65
MinimumVisualStudioVersion = 10.0.40219.1
Project("{8BC9CEB8-8B4A-11D0-8D11-00A0C91BC942}") = "最大不相交区间数量", "最大不相交区间数量\最大不相交区间数量.vcxproj", "{7079C0EB-09E7-4259-BFBF-81CB3C85E3EC}"
EndProject
Global
	GlobalSection(SolutionConfigurationPlatforms) = preSolution
		Debug|x64 = Debug|x64
		Debug|x86 = Debug|x86
		Release|x64 = Release|x64
		Release|x86 = Release|x86
	EndGlobalSection
	GlobalSection(ProjectConfigurationPlatforms) = postSolution
		{7079C0EB-09E7-4259-BFBF-81CB3C85E3EC}.Debug|x64.ActiveCfg = Debug|x64
		{7079C0EB-09E7-4259-BFBF-81CB3C85E3EC}.Debug|x64.Build.0 = Debug|x64
		{7079C0EB-09E7-4259-BFBF-81CB3C85E3EC}.Debug|x86.ActiveCfg = Debug|Win32
		{7079C0EB-09E7-4259-BFBF-81CB3C85E3EC}.Debug|x86.Build.0 = Debug|Win32
		{7079C0EB-09E7-4259-BFBF-81CB3C85E3EC}.Release|x64.ActiveCfg = Release|x64
		{7079C0EB-09E7-4259-BFBF-81CB3C85E3EC}.Release|x64.Build.0 = Release|x64
		{7079C0EB-09E7-4259-BFBF-81CB3C85E3EC}.Release|x86.ActiveCfg = Release|Win32
		{7079C0EB-09E7-4259-BFBF-81CB3C85E3EC}.Release|x86.Build.0 = Release|Win32
	EndGlobalSection
	GlobalSection(SolutionProperties) = preSolution
		HideSolutionNode = FALSE
	EndGlobalSection
	GlobalSection(ExtensibilityGlobals) = postSolution
		SolutionGuid = {184AADD6-4406-4B60-A1AF-F9D1358FE500}
	EndGlobalSection
EndGlobal
