
Microsoft Visual Studio Solution File, Format Version 12.00
# Visual Studio Version 17
VisualStudioVersion = 17.9.34723.18
MinimumVisualStudioVersion = 10.0.40219.1
Project("{8BC9CEB8-8B4A-11D0-8D11-00A0C91BC942}") = "Prim算法求最小生成树（复习1）", "Prim算法求最小生成树（复习1）\Prim算法求最小生成树（复习1）.vcxproj", "{363257DA-701C-401F-A9A7-0EBFA3EA3670}"
EndProject
Global
	GlobalSection(SolutionConfigurationPlatforms) = preSolution
		Debug|x64 = Debug|x64
		Debug|x86 = Debug|x86
		Release|x64 = Release|x64
		Release|x86 = Release|x86
	EndGlobalSection
	GlobalSection(ProjectConfigurationPlatforms) = postSolution
		{363257DA-701C-401F-A9A7-0EBFA3EA3670}.Debug|x64.ActiveCfg = Debug|x64
		{363257DA-701C-401F-A9A7-0EBFA3EA3670}.Debug|x64.Build.0 = Debug|x64
		{363257DA-701C-401F-A9A7-0EBFA3EA3670}.Debug|x86.ActiveCfg = Debug|Win32
		{363257DA-701C-401F-A9A7-0EBFA3EA3670}.Debug|x86.Build.0 = Debug|Win32
		{363257DA-701C-401F-A9A7-0EBFA3EA3670}.Release|x64.ActiveCfg = Release|x64
		{363257DA-701C-401F-A9A7-0EBFA3EA3670}.Release|x64.Build.0 = Release|x64
		{363257DA-701C-401F-A9A7-0EBFA3EA3670}.Release|x86.ActiveCfg = Release|Win32
		{363257DA-701C-401F-A9A7-0EBFA3EA3670}.Release|x86.Build.0 = Release|Win32
	EndGlobalSection
	GlobalSection(SolutionProperties) = preSolution
		HideSolutionNode = FALSE
	EndGlobalSection
	GlobalSection(ExtensibilityGlobals) = postSolution
		SolutionGuid = {54FBC2CD-F7CA-406F-BD45-76F4817E34A7}
	EndGlobalSection
EndGlobal
